// !$*UTF8*$!
{
	archiveVersion = 1;
	classes = {
	};
	objectVersion = 46;
	objects = {

/* Begin PBXBuildFile section */
		C6C6F0171F07BCF5004E245D /* AppDelegate.swift in Sources */ = {isa = PBXBuildFile; fileRef = C6C6F0161F07BCF5004E245D /* AppDelegate.swift */; };
		C6C6F0191F07BCF5004E245D /* ViewController.swift in Sources */ = {isa = PBXBuildFile; fileRef = C6C6F0181F07BCF5004E245D /* ViewController.swift */; };
		C6C6F01C1F07BCF5004E245D /* Main.storyboard in Resources */ = {isa = PBXBuildFile; fileRef = C6C6F01A1F07BCF5004E245D /* Main.storyboard */; };
		C6C6F01E1F07BCF5004E245D /* Assets.xcassets in Resources */ = {isa = PBXBuildFile; fileRef = C6C6F01D1F07BCF5004E245D /* Assets.xcassets */; };
		C6C6F0211F07BCF5004E245D /* LaunchScreen.storyboard in Resources */ = {isa = PBXBuildFile; fileRef = C6C6F01F1F07BCF5004E245D /* LaunchScreen.storyboard */; };
		C6C6F0291F09D5CC004E245D /* SagradaFamilia.jpeg in Resources */ = {isa = PBXBuildFile; fileRef = C6C6F0281F09D5CC004E245D /* SagradaFamilia.jpeg */; };
		C6C6F02B1F09DDEC004E245D /* AlbertEinsteinStamp.jpg in Resources */ = {isa = PBXBuildFile; fileRef = C6C6F02A1F09DDEC004E245D /* AlbertEinsteinStamp.jpg */; };
/* End PBXBuildFile section */

/* Begin PBXFileReference section */
		C6C6F0131F07BCF5004E245D /* PostCard.app */ = {isa = PBXFileReference; explicitFileType = wrapper.application; includeInIndex = 0; path = PostCard.app; sourceTree = BUILT_PRODUCTS_DIR; };
		C6C6F0161F07BCF5004E245D /* AppDelegate.swift */ = {isa = PBXFileReference; lastKnownFileType = sourcecode.swift; path = AppDelegate.swift; sourceTree = "<group>"; };
		C6C6F0181F07BCF5004E245D /* ViewController.swift */ = {isa = PBXFileReference; lastKnownFileType = sourcecode.swift; path = ViewController.swift; sourceTree = "<group>"; };
		C6C6F01B1F07BCF5004E245D /* Base */ = {isa = PBXFileReference; lastKnownFileType = file.storyboard; name = Base; path = Base.lproj/Main.storyboard; sourceTree = "<group>"; };
		C6C6F01D1F07BCF5004E245D /* Assets.xcassets */ = {isa = PBXFileReference; lastKnownFileType = folder.assetcatalog; path = Assets.xcassets; sourceTree = "<group>"; };
		C6C6F0201F07BCF5004E245D /* Base */ = {isa = PBXFileReference; lastKnownFileType = file.storyboard; name = Base; path = Base.lproj/LaunchScreen.storyboard; sourceTree = "<group>"; };
		C6C6F0221F07BCF5004E245D /* Info.plist */ = {isa = PBXFileReference; lastKnownFileType = text.plist.xml; path = Info.plist; sourceTree = "<group>"; };
		C6C6F0281F09D5CC004E245D /* SagradaFamilia.jpeg */ = {isa = PBXFileReference; lastKnownFileType = image.jpeg; path = SagradaFamilia.jpeg; sourceTree = "<group>"; };
		C6C6F02A1F09DDEC004E245D /* AlbertEinsteinStamp.jpg */ = {isa = PBXFileReference; lastKnownFileType = image.jpeg; path = AlbertEinsteinStamp.jpg; sourceTree = "<group>"; };
/* End PBXFileReference section */

/* Begin PBXFrameworksBuildPhase section */
		C6C6F0101F07BCF5004E245D /* Frameworks */ = {
			isa = PBXFrameworksBuildPhase;
			buildActionMask = 2147483647;
			files = (
			);
			runOnlyForDeploymentPostprocessing = 0;
		};
/* End PBXFrameworksBuildPhase section */

/* Begin PBXGroup section */
		C6C6F00A1F07BCF5004E245D = {
			isa = PBXGroup;
			children = (
				C6C6F0151F07BCF5004E245D /* PostCard */,
				C6C6F0141F07BCF5004E245D /* Products */,
			);
			sourceTree = "<group>";
		};
		C6C6F0141F07BCF5004E245D /* Products */ = {
			isa = PBXGroup;
			children = (
				C6C6F0131F07BCF5004E245D /* PostCard.app */,
			);
			name = Products;
			sourceTree = "<group>";
		};
		C6C6F0151F07BCF5004E245D /* PostCard */ = {
			isa = PBXGroup;
			children = (
				C6C6F0161F07BCF5004E245D /* AppDelegate.swift */,
				C6C6F0181F07BCF5004E245D /* ViewController.swift */,
				C6C6F01A1F07BCF5004E245D /* Main.storyboard */,
				C6C6F01D1F07BCF5004E245D /* Assets.xcassets */,
				C6C6F02A1F09DDEC004E245D /* AlbertEinsteinStamp.jpg */,
				C6C6F0281F09D5CC004E245D /* SagradaFamilia.jpeg */,
				C6C6F01F1F07BCF5004E245D /* LaunchScreen.storyboard */,
				C6C6F0221F07BCF5004E245D /* Info.plist */,
			);
			path = PostCard;
			sourceTree = "<group>";
		};
/* End PBXGroup section */

/* Begin PBXNativeTarget section */
		C6C6F0121F07BCF5004E245D /* PostCard */ = {
			isa = PBXNativeTarget;
			buildConfigurationList = C6C6F0251F07BCF5004E245D /* Build configuration list for PBXNativeTarget "PostCard" */;
			buildPhases = (
				C6C6F00F1F07BCF5004E245D /* Sources */,
				C6C6F0101F07BCF5004E245D /* Frameworks */,
				C6C6F0111F07BCF5004E245D /* Resources */,
			);
			buildRules = (
			);
			dependencies = (
			);
			name = PostCard;
			productName = PostCard;
			productReference = C6C6F0131F07BCF5004E245D /* PostCard.app */;
			productType = "com.apple.product-type.application";
		};
/* End PBXNativeTarget section */

/* Begin PBXProject section */
		C6C6F00B1F07BCF5004E245D /* Project object */ = {
			isa = PBXProject;
			attributes = {
				LastSwiftUpdateCheck = 0830;
				LastUpgradeCheck = 0830;
				ORGANIZATIONNAME = "Van Leeuwen, Daniel";
				TargetAttributes = {
					C6C6F0121F07BCF5004E245D = {
						CreatedOnToolsVersion = 8.3.3;
						DevelopmentTeam = 533B7U76J2;
						ProvisioningStyle = Automatic;
					};
				};
			};
			buildConfigurationList = C6C6F00E1F07BCF5004E245D /* Build configuration list for PBXProject "PostCard" */;
			compatibilityVersion = "Xcode 3.2";
			developmentRegion = English;
			hasScannedForEncodings = 0;
			knownRegions = (
				en,
				Base,
			);
			mainGroup = C6C6F00A1F07BCF5004E245D;
			productRefGroup = C6C6F0141F07BCF5004E245D /* Products */;
			projectDirPath = "";
			projectRoot = "";
			targets = (
				C6C6F0121F07BCF5004E245D /* PostCard */,
			);
		};
/* End PBXProject section */

/* Begin PBXResourcesBuildPhase section */
		C6C6F0111F07BCF5004E245D /* Resources */ = {
			isa = PBXResourcesBuildPhase;
			buildActionMask = 2147483647;
			files = (
				C6C6F0211F07BCF5004E245D /* LaunchScreen.storyboard in Resources */,
				C6C6F0291F09D5CC004E245D /* SagradaFamilia.jpeg in Resources */,
				C6C6F02B1F09DDEC004E245D /* AlbertEinsteinStamp.jpg in Resources */,
				C6C6F01E1F07BCF5004E245D /* Assets.xcassets in Resources */,
				C6C6F01C1F07BCF5004E245D /* Main.storyboard in Resources */,
			);
			runOnlyForDeploymentPostprocessing = 0;
		};
/* End PBXResourcesBuildPhase section */

/* Begin PBXSourcesBuildPhase section */
		C6C6F00F1F07BCF5004E245D /* Sources */ = {
			isa = PBXSourcesBuildPhase;
			buildActionMask = 2147483647;
			files = (
				C6C6F0191F07BCF5004E245D /* ViewController.swift in Sources */,
				C6C6F0171F07BCF5004E245D /* AppDelegate.swift in Sources */,
			);
			runOnlyForDeploymentPostprocessing = 0;
		};
/* End PBXSourcesBuildPhase section */

/* Begin PBXVariantGroup section */
		C6C6F01A1F07BCF5004E245D /* Main.storyboard */ = {
			isa = PBXVariantGroup;
			children = (
				C6C6F01B1F07BCF5004E245D /* Base */,
			);
			name = Main.storyboard;
			sourceTree = "<group>";
		};
		C6C6F01F1F07BCF5004E245D /* LaunchScreen.storyboard */ = {
			isa = PBXVariantGroup;
			children = (
				C6C6F0201F07BCF5004E245D /* Base */,
			);
			name = LaunchScreen.storyboard;
			sourceTree = "<group>";
		};
/* End PBXVariantGroup section */

/* Begin XCBuildConfiguration section */
		C6C6F0231F07BCF5004E245D /* Debug */ = {
			isa = XCBuildConfiguration;
			buildSettings = {
				ALWAYS_SEARCH_USER_PATHS = NO;
				CLANG_ANALYZER_NONNULL = YES;
				CLANG_ANALYZER_NUMBER_OBJECT_CONVERSION = YES_AGGRESSIVE;
				CLANG_CXX_LANGUAGE_STANDARD = "gnu++0x";
				CLANG_CXX_LIBRARY = "libc++";
				CLANG_ENABLE_MODULES = YES;
				CLANG_ENABLE_OBJC_ARC = YES;
				CLANG_WARN_BOOL_CONVERSION = YES;
				CLANG_WARN_CONSTANT_CONVERSION = YES;
				CLANG_WARN_DIRECT_OBJC_ISA_USAGE = YES_ERROR;
				CLANG_WARN_DOCUMENTATION_COMMENTS = YES;
				CLANG_WARN_EMPTY_BODY = YES;
				CLANG_WARN_ENUM_CONVERSION = YES;
				CLANG_WARN_INFINITE_RECURSION = YES;
				CLANG_WARN_INT_CONVERSION = YES;
				CLANG_WARN_OBJC_ROOT_CLASS = YES_ERROR;
				CLANG_WARN_SUSPICIOUS_MOVE = YES;
				CLANG_WARN_UNREACHABLE_CODE = YES;
				CLANG_WARN__DUPLICATE_METHOD_MATCH = YES;
				"CODE_SIGN_IDENTITY[sdk=iphoneos*]" = "iPhone Developer";
				COPY_PHASE_STRIP = NO;
				DEBUG_INFORMATION_FORMAT = dwarf;
				ENABLE_STRICT_OBJC_MSGSEND = YES;
				ENABLE_TESTABILITY = YES;
				GCC_C_LANGUAGE_STANDARD = gnu99;
				GCC_DYNAMIC_NO_PIC = NO;
				GCC_NO_COMMON_BLOCKS = YES;
				GCC_OPTIMIZATION_LEVEL = 0;
				GCC_PREPROCESSOR_DEFINITIONS = (
					"DEBUG=1",
					"$(inherited)",
				);
				GCC_WARN_64_TO_32_BIT_CONVERSION = YES;
				GCC_WARN_ABOUT_RETURN_TYPE = YES_ERROR;
				GCC_WARN_UNDECLARED_SELECTOR = YES;
				GCC_WARN_UNINITIALIZED_AUTOS = YES_AGGRESSIVE;
				GCC_WARN_UNUSED_FUNCTION = YES;
				GCC_WARN_UNUSED_VARIABLE = YES;
				IPHONEOS_DEPLOYMENT_TARGET = 10.3;
				MTL_ENABLE_DEBUG_INFO = YES;
				ONLY_ACTIVE_ARCH = YES;
				SDKROOT = iphoneos;
				SWIFT_ACTIVE_COMPILATION_CONDITIONS = DEBUG;
				SWIFT_OPTIMIZATION_LEVEL = "-Onone";
				TARGETED_DEVICE_FAMILY = "1,2";
			};
			name = Debug;
		};
		C6C6F0241F07BCF5004E245D /* Release */ = {
			isa = XCBuildConfiguration;
			buildSettings = {
				ALWAYS_SEARCH_USER_PATHS = NO;
				CLANG_ANALYZER_NONNULL = YES;
				CLANG_ANALYZER_NUMBER_OBJECT_CONVERSION = YES_AGGRESSIVE;
				CLANG_CXX_LANGUAGE_STANDARD = "gnu++0x";
				CLANG_CXX_LIBRARY = "libc++";
				CLANG_ENABLE_MODULES = YES;
				CLANG_ENABLE_OBJC_ARC = YES;
				CLANG_WARN_BOOL_CONVERSION = YES;
				CLANG_WARN_CONSTANT_CONVERSION = YES;
				CLANG_WARN_DIRECT_OBJC_ISA_USAGE = YES_ERROR;
				CLANG_WARN_DOCUMENTATION_COMMENTS = YES;
				CLANG_WARN_EMPTY_BODY = YES;
				CLANG_WARN_ENUM_CONVERSION = YES;
				CLANG_WARN_INFINITE_RECURSION = YES;
				CLANG_WARN_INT_CONVERSION = YES;
				CLANG_WARN_OBJC_ROOT_CLASS = YES_ERROR;
				CLANG_WARN_SUSPICIOUS_MOVE = YES;
				CLANG_WARN_UNREACHABLE_CODE = YES;
				CLANG_WARN__DUPLICATE_METHOD_MATCH = YES;
				"CODE_SIGN_IDENTITY[sdk=iphoneos*]" = "iPhone Developer";
				COPY_PHASE_STRIP = NO;
				DEBUG_INFORMATION_FORMAT = "dwarf-with-dsym";
				ENABLE_NS_ASSERTIONS = NO;
				ENABLE_STRICT_OBJC_MSGSEND = YES;
				GCC_C_LANGUAGE_STANDARD = gnu99;
				GCC_NO_COMMON_BLOCKS = YES;
				GCC_WARN_64_TO_32_BIT_CONVERSION = YES;
				GCC_WARN_ABOUT_RETURN_TYPE = YES_ERROR;
				GCC_WARN_UNDECLARED_SELECTOR = YES;
				GCC_WARN_UNINITIALIZED_AUTOS = YES_AGGRESSIVE;
				GCC_WARN_UNUSED_FUNCTION = YES;
				GCC_WARN_UNUSED_VARIABLE = YES;
				IPHONEOS_DEPLOYMENT_TARGET = 10.3;
				MTL_ENABLE_DEBUG_INFO = NO;
				SDKROOT = iphoneos;
				SWIFT_OPTIMIZATION_LEVEL = "-Owholemodule";
				TARGETED_DEVICE_FAMILY = "1,2";
				VALIDATE_PRODUCT = YES;
			};
			name = Release;
		};
		C6C6F0261F07BCF5004E245D /* Debug */ = {
			isa = XCBuildConfiguration;
			buildSettings = {
				ASSETCATALOG_COMPILER_APPICON_NAME = AppIcon;
				DEVELOPMENT_TEAM = 533B7U76J2;
				INFOPLIST_FILE = PostCard/Info.plist;
				LD_RUNPATH_SEARCH_PATHS = "$(inherited) @executable_path/Frameworks";
				PRODUCT_BUNDLE_IDENTIFIER = "com.mycompany-demoapp.PostCard";
				PRODUCT_NAME = "$(TARGET_NAME)";
				SWIFT_VERSION = 3.0;
			};
			name = Debug;
		};
		C6C6F0271F07BCF5004E245D /* Release */ = {
			isa = XCBuildConfiguration;
			buildSettings = {
				ASSETCATALOG_COMPILER_APPICON_NAME = AppIcon;
				DEVELOPMENT_TEAM = 533B7U76J2;
				INFOPLIST_FILE = PostCard/Info.plist;
				LD_RUNPATH_SEARCH_PATHS = "$(inherited) @executable_path/Frameworks";
				PRODUCT_BUNDLE_IDENTIFIER = "com.mycompany-demoapp.PostCard";
				PRODUCT_NAME = "$(TARGET_NAME)";
				SWIFT_VERSION = 3.0;
			};
			name = Release;
		};
/* End XCBuildConfiguration section */

/* Begin XCConfigurationList section */
		C6C6F00E1F07BCF5004E245D /* Build configuration list for PBXProject "PostCard" */ = {
			isa = XCConfigurationList;
			buildConfigurations = (
				C6C6F0231F07BCF5004E245D /* Debug */,
				C6C6F0241F07BCF5004E245D /* Release */,
			);
			defaultConfigurationIsVisible = 0;
			defaultConfigurationName = Release;
		};
		C6C6F0251F07BCF5004E245D /* Build configuration list for PBXNativeTarget "PostCard" */ = {
			isa = XCConfigurationList;
			buildConfigurations = (
				C6C6F0261F07BCF5004E245D /* Debug */,
				C6C6F0271F07BCF5004E245D /* Release */,
			);
			defaultConfigurationIsVisible = 0;
		};
/* End XCConfigurationList section */
	};
	rootObject = C6C6F00B1F07BCF5004E245D /* Project object */;
}
